
Microsoft Visual Studio Solution File, Format Version 12.00
# Visual Studio Version 17
VisualStudioVersion = 17.8.34309.116
MinimumVisualStudioVersion = 10.0.40219.1
Project("{FAE04EC0-301F-11D3-BF4B-00C04F79EFBC}") = "csWinFkey", "csWinFkey\csWinFkey.csproj", "{807D33D2-DB2F-4BF4-B38B-FC7A2E88D240}"
EndProject
Global
	GlobalSection(SolutionConfigurationPlatforms) = preSolution
		Debug|Any CPU = Debug|Any CPU
		Release|Any CPU = Release|Any CPU
	EndGlobalSection
	GlobalSection(ProjectConfigurationPlatforms) = postSolution
		{807D33D2-DB2F-4BF4-B38B-FC7A2E88D240}.Debug|Any CPU.ActiveCfg = Debug|Any CPU
		{807D33D2-DB2F-4BF4-B38B-FC7A2E88D240}.Debug|Any CPU.Build.0 = Debug|Any CPU
		{807D33D2-DB2F-4BF4-B38B-FC7A2E88D240}.Release|Any CPU.ActiveCfg = Release|Any CPU
		{807D33D2-DB2F-4BF4-B38B-FC7A2E88D240}.Release|Any CPU.Build.0 = Release|Any CPU
	EndGlobalSection
	GlobalSection(SolutionProperties) = preSolution
		HideSolutionNode = FALSE
	EndGlobalSection
	GlobalSection(ExtensibilityGlobals) = postSolution
		SolutionGuid = {2497E822-5025-4B94-B703-54291ECBA42B}
	EndGlobalSection
EndGlobal
